// !$*UTF8*$!
{
	archiveVersion = 1;
	classes = {
	};
	objectVersion = 46;
	objects = {

/* Begin PBXBuildFile section */
		D14203761DCBE34500E68280 /* bing.jpg in Resources */ = {isa = PBXBuildFile; fileRef = D14203751DCBE34500E68280 /* bing.jpg */; };
		D19C2C5C1DCBED0F00110262 /* imgres.png in Resources */ = {isa = PBXBuildFile; fileRef = D19C2C5B1DCBED0F00110262 /* imgres.png */; };
		D19C2C5E1DCBEE9900110262 /* yahoo.jpg in Resources */ = {isa = PBXBuildFile; fileRef = D19C2C5D1DCBEE9900110262 /* yahoo.jpg */; };
		D1E5F4CD1DC97EB800093773 /* AppDelegate.swift in Sources */ = {isa = PBXBuildFile; fileRef = D1E5F4CC1DC97EB800093773 /* AppDelegate.swift */; };
		D1E5F4CF1DC97EB800093773 /* ViewController.swift in Sources */ = {isa = PBXBuildFile; fileRef = D1E5F4CE1DC97EB800093773 /* ViewController.swift */; };
		D1E5F4D21DC97EB800093773 /* Main.storyboard in Resources */ = {isa = PBXBuildFile; fileRef = D1E5F4D01DC97EB800093773 /* Main.storyboard */; };
		D1E5F4D51DC97EB800093773 /* KhanWebBrowserFinal.xcdatamodeld in Sources */ = {isa = PBXBuildFile; fileRef = D1E5F4D31DC97EB800093773 /* KhanWebBrowserFinal.xcdatamodeld */; };
		D1E5F4D71DC97EB800093773 /* Assets.xcassets in Resources */ = {isa = PBXBuildFile; fileRef = D1E5F4D61DC97EB800093773 /* Assets.xcassets */; };
		D1E5F4DA1DC97EB800093773 /* LaunchScreen.storyboard in Resources */ = {isa = PBXBuildFile; fileRef = D1E5F4D81DC97EB800093773 /* LaunchScreen.storyboard */; };
		D1E5F4E51DC97EB800093773 /* KhanWebBrowserFinalTests.swift in Sources */ = {isa = PBXBuildFile; fileRef = D1E5F4E41DC97EB800093773 /* KhanWebBrowserFinalTests.swift */; };
		D1E5F4F01DC97EB800093773 /* KhanWebBrowserFinalUITests.swift in Sources */ = {isa = PBXBuildFile; fileRef = D1E5F4EF1DC97EB800093773 /* KhanWebBrowserFinalUITests.swift */; };
/* End PBXBuildFile section */

/* Begin PBXContainerItemProxy section */
		D1E5F4E11DC97EB800093773 /* PBXContainerItemProxy */ = {
			isa = PBXContainerItemProxy;
			containerPortal = D1E5F4C11DC97EB700093773 /* Project object */;
			proxyType = 1;
			remoteGlobalIDString = D1E5F4C81DC97EB700093773;
			remoteInfo = KhanWebBrowserFinal;
		};
		D1E5F4EC1DC97EB800093773 /* PBXContainerItemProxy */ = {
			isa = PBXContainerItemProxy;
			containerPortal = D1E5F4C11DC97EB700093773 /* Project object */;
			proxyType = 1;
			remoteGlobalIDString = D1E5F4C81DC97EB700093773;
			remoteInfo = KhanWebBrowserFinal;
		};
/* End PBXContainerItemProxy section */

/* Begin PBXFileReference section */
		D14203751DCBE34500E68280 /* bing.jpg */ = {isa = PBXFileReference; lastKnownFileType = image.jpeg; path = bing.jpg; sourceTree = "<group>"; };
		D19C2C5B1DCBED0F00110262 /* imgres.png */ = {isa = PBXFileReference; lastKnownFileType = image.png; path = imgres.png; sourceTree = "<group>"; };
		D19C2C5D1DCBEE9900110262 /* yahoo.jpg */ = {isa = PBXFileReference; lastKnownFileType = image.jpeg; path = yahoo.jpg; sourceTree = "<group>"; };
		D1E5F4C91DC97EB800093773 /* KhanWebBrowserFinal.app */ = {isa = PBXFileReference; explicitFileType = wrapper.application; includeInIndex = 0; path = KhanWebBrowserFinal.app; sourceTree = BUILT_PRODUCTS_DIR; };
		D1E5F4CC1DC97EB800093773 /* AppDelegate.swift */ = {isa = PBXFileReference; lastKnownFileType = sourcecode.swift; path = AppDelegate.swift; sourceTree = "<group>"; };
		D1E5F4CE1DC97EB800093773 /* ViewController.swift */ = {isa = PBXFileReference; lastKnownFileType = sourcecode.swift; path = ViewController.swift; sourceTree = "<group>"; };
		D1E5F4D11DC97EB800093773 /* Base */ = {isa = PBXFileReference; lastKnownFileType = file.storyboard; name = Base; path = Base.lproj/Main.storyboard; sourceTree = "<group>"; };
		D1E5F4D41DC97EB800093773 /* KhanWebBrowserFinal.xcdatamodel */ = {isa = PBXFileReference; lastKnownFileType = wrapper.xcdatamodel; path = KhanWebBrowserFinal.xcdatamodel; sourceTree = "<group>"; };
		D1E5F4D61DC97EB800093773 /* Assets.xcassets */ = {isa = PBXFileReference; lastKnownFileType = folder.assetcatalog; path = Assets.xcassets; sourceTree = "<group>"; };
		D1E5F4D91DC97EB800093773 /* Base */ = {isa = PBXFileReference; lastKnownFileType = file.storyboard; name = Base; path = Base.lproj/LaunchScreen.storyboard; sourceTree = "<group>"; };
		D1E5F4DB1DC97EB800093773 /* Info.plist */ = {isa = PBXFileReference; lastKnownFileType = text.plist.xml; path = Info.plist; sourceTree = "<group>"; };
		D1E5F4E01DC97EB800093773 /* KhanWebBrowserFinalTests.xctest */ = {isa = PBXFileReference; explicitFileType = wrapper.cfbundle; includeInIndex = 0; path = KhanWebBrowserFinalTests.xctest; sourceTree = BUILT_PRODUCTS_DIR; };
		D1E5F4E41DC97EB800093773 /* KhanWebBrowserFinalTests.swift */ = {isa = PBXFileReference; lastKnownFileType = sourcecode.swift; path = KhanWebBrowserFinalTests.swift; sourceTree = "<group>"; };
		D1E5F4E61DC97EB800093773 /* Info.plist */ = {isa = PBXFileReference; lastKnownFileType = text.plist.xml; path = Info.plist; sourceTree = "<group>"; };
		D1E5F4EB1DC97EB800093773 /* KhanWebBrowserFinalUITests.xctest */ = {isa = PBXFileReference; explicitFileType = wrapper.cfbundle; includeInIndex = 0; path = KhanWebBrowserFinalUITests.xctest; sourceTree = BUILT_PRODUCTS_DIR; };
		D1E5F4EF1DC97EB800093773 /* KhanWebBrowserFinalUITests.swift */ = {isa = PBXFileReference; lastKnownFileType = sourcecode.swift; path = KhanWebBrowserFinalUITests.swift; sourceTree = "<group>"; };
		D1E5F4F11DC97EB800093773 /* Info.plist */ = {isa = PBXFileReference; lastKnownFileType = text.plist.xml; path = Info.plist; sourceTree = "<group>"; };
/* End PBXFileReference section */

/* Begin PBXFrameworksBuildPhase section */
		D1E5F4C61DC97EB700093773 /* Frameworks */ = {
			isa = PBXFrameworksBuildPhase;
			buildActionMask = 2147483647;
			files = (
			);
			runOnlyForDeploymentPostprocessing = 0;
		};
		D1E5F4DD1DC97EB800093773 /* Frameworks */ = {
			isa = PBXFrameworksBuildPhase;
			buildActionMask = 2147483647;
			files = (
			);
			runOnlyForDeploymentPostprocessing = 0;
		};
		D1E5F4E81DC97EB800093773 /* Frameworks */ = {
			isa = PBXFrameworksBuildPhase;
			buildActionMask = 2147483647;
			files = (
			);
			runOnlyForDeploymentPostprocessing = 0;
		};
/* End PBXFrameworksBuildPhase section */

/* Begin PBXGroup section */
		D1E5F4C01DC97EB700093773 = {
			isa = PBXGroup;
			children = (
				D1E5F4CB1DC97EB800093773 /* KhanWebBrowserFinal */,
				D1E5F4E31DC97EB800093773 /* KhanWebBrowserFinalTests */,
				D1E5F4EE1DC97EB800093773 /* KhanWebBrowserFinalUITests */,
				D1E5F4CA1DC97EB800093773 /* Products */,
			);
			sourceTree = "<group>";
		};
		D1E5F4CA1DC97EB800093773 /* Products */ = {
			isa = PBXGroup;
			children = (
				D1E5F4C91DC97EB800093773 /* KhanWebBrowserFinal.app */,
				D1E5F4E01DC97EB800093773 /* KhanWebBrowserFinalTests.xctest */,
				D1E5F4EB1DC97EB800093773 /* KhanWebBrowserFinalUITests.xctest */,
			);
			name = Products;
			sourceTree = "<group>";
		};
		D1E5F4CB1DC97EB800093773 /* KhanWebBrowserFinal */ = {
			isa = PBXGroup;
			children = (
				D1E5F4CC1DC97EB800093773 /* AppDelegate.swift */,
				D1E5F4CE1DC97EB800093773 /* ViewController.swift */,
				D1E5F4D01DC97EB800093773 /* Main.storyboard */,
				D1E5F4D61DC97EB800093773 /* Assets.xcassets */,
				D19C2C5B1DCBED0F00110262 /* imgres.png */,
				D19C2C5D1DCBEE9900110262 /* yahoo.jpg */,
				D1E5F4D81DC97EB800093773 /* LaunchScreen.storyboard */,
				D14203751DCBE34500E68280 /* bing.jpg */,
				D1E5F4DB1DC97EB800093773 /* Info.plist */,
				D1E5F4D31DC97EB800093773 /* KhanWebBrowserFinal.xcdatamodeld */,
			);
			path = KhanWebBrowserFinal;
			sourceTree = "<group>";
		};
		D1E5F4E31DC97EB800093773 /* KhanWebBrowserFinalTests */ = {
			isa = PBXGroup;
			children = (
				D1E5F4E41DC97EB800093773 /* KhanWebBrowserFinalTests.swift */,
				D1E5F4E61DC97EB800093773 /* Info.plist */,
			);
			path = KhanWebBrowserFinalTests;
			sourceTree = "<group>";
		};
		D1E5F4EE1DC97EB800093773 /* KhanWebBrowserFinalUITests */ = {
			isa = PBXGroup;
			children = (
				D1E5F4EF1DC97EB800093773 /* KhanWebBrowserFinalUITests.swift */,
				D1E5F4F11DC97EB800093773 /* Info.plist */,
			);
			path = KhanWebBrowserFinalUITests;
			sourceTree = "<group>";
		};
/* End PBXGroup section */

/* Begin PBXNativeTarget section */
		D1E5F4C81DC97EB700093773 /* KhanWebBrowserFinal */ = {
			isa = PBXNativeTarget;
			buildConfigurationList = D1E5F4F41DC97EB800093773 /* Build configuration list for PBXNativeTarget "KhanWebBrowserFinal" */;
			buildPhases = (
				D1E5F4C51DC97EB700093773 /* Sources */,
				D1E5F4C61DC97EB700093773 /* Frameworks */,
				D1E5F4C71DC97EB700093773 /* Resources */,
			);
			buildRules = (
			);
			dependencies = (
			);
			name = KhanWebBrowserFinal;
			productName = KhanWebBrowserFinal;
			productReference = D1E5F4C91DC97EB800093773 /* KhanWebBrowserFinal.app */;
			productType = "com.apple.product-type.application";
		};
		D1E5F4DF1DC97EB800093773 /* KhanWebBrowserFinalTests */ = {
			isa = PBXNativeTarget;
			buildConfigurationList = D1E5F4F71DC97EB800093773 /* Build configuration list for PBXNativeTarget "KhanWebBrowserFinalTests" */;
			buildPhases = (
				D1E5F4DC1DC97EB800093773 /* Sources */,
				D1E5F4DD1DC97EB800093773 /* Frameworks */,
				D1E5F4DE1DC97EB800093773 /* Resources */,
			);
			buildRules = (
			);
			dependencies = (
				D1E5F4E21DC97EB800093773 /* PBXTargetDependency */,
			);
			name = KhanWebBrowserFinalTests;
			productName = KhanWebBrowserFinalTests;
			productReference = D1E5F4E01DC97EB800093773 /* KhanWebBrowserFinalTests.xctest */;
			productType = "com.apple.product-type.bundle.unit-test";
		};
		D1E5F4EA1DC97EB800093773 /* KhanWebBrowserFinalUITests */ = {
			isa = PBXNativeTarget;
			buildConfigurationList = D1E5F4FA1DC97EB800093773 /* Build configuration list for PBXNativeTarget "KhanWebBrowserFinalUITests" */;
			buildPhases = (
				D1E5F4E71DC97EB800093773 /* Sources */,
				D1E5F4E81DC97EB800093773 /* Frameworks */,
				D1E5F4E91DC97EB800093773 /* Resources */,
			);
			buildRules = (
			);
			dependencies = (
				D1E5F4ED1DC97EB800093773 /* PBXTargetDependency */,
			);
			name = KhanWebBrowserFinalUITests;
			productName = KhanWebBrowserFinalUITests;
			productReference = D1E5F4EB1DC97EB800093773 /* KhanWebBrowserFinalUITests.xctest */;
			productType = "com.apple.product-type.bundle.ui-testing";
		};
/* End PBXNativeTarget section */

/* Begin PBXProject section */
		D1E5F4C11DC97EB700093773 /* Project object */ = {
			isa = PBXProject;
			attributes = {
				LastSwiftUpdateCheck = 0800;
				LastUpgradeCheck = 1130;
				ORGANIZATIONNAME = "Omer Khan";
				TargetAttributes = {
					D1E5F4C81DC97EB700093773 = {
						CreatedOnToolsVersion = 8.0;
						DevelopmentTeam = DFHLHENRC3;
						ProvisioningStyle = Automatic;
					};
					D1E5F4DF1DC97EB800093773 = {
						CreatedOnToolsVersion = 8.0;
						ProvisioningStyle = Automatic;
						TestTargetID = D1E5F4C81DC97EB700093773;
					};
					D1E5F4EA1DC97EB800093773 = {
						CreatedOnToolsVersion = 8.0;
						ProvisioningStyle = Automatic;
						TestTargetID = D1E5F4C81DC97EB700093773;
					};
				};
			};
			buildConfigurationList = D1E5F4C41DC97EB700093773 /* Build configuration list for PBXProject "KhanWebBrowserFinal" */;
			compatibilityVersion = "Xcode 3.2";
			developmentRegion = English;
			hasScannedForEncodings = 0;
			knownRegions = (
				English,
				en,
				Base,
			);
			mainGroup = D1E5F4C01DC97EB700093773;
			productRefGroup = D1E5F4CA1DC97EB800093773 /* Products */;
			projectDirPath = "";
			projectRoot = "";
			targets = (
				D1E5F4C81DC97EB700093773 /* KhanWebBrowserFinal */,
				D1E5F4DF1DC97EB800093773 /* KhanWebBrowserFinalTests */,
				D1E5F4EA1DC97EB800093773 /* KhanWebBrowserFinalUITests */,
			);
		};
/* End PBXProject section */

/* Begin PBXResourcesBuildPhase section */
		D1E5F4C71DC97EB700093773 /* Resources */ = {
			isa = PBXResourcesBuildPhase;
			buildActionMask = 2147483647;
			files = (
				D14203761DCBE34500E68280 /* bing.jpg in Resources */,
				D19C2C5C1DCBED0F00110262 /* imgres.png in Resources */,
				D1E5F4DA1DC97EB800093773 /* LaunchScreen.storyboard in Resources */,
				D19C2C5E1DCBEE9900110262 /* yahoo.jpg in Resources */,
				D1E5F4D71DC97EB800093773 /* Assets.xcassets in Resources */,
				D1E5F4D21DC97EB800093773 /* Main.storyboard in Resources */,
			);
			runOnlyForDeploymentPostprocessing = 0;
		};
		D1E5F4DE1DC97EB800093773 /* Resources */ = {
			isa = PBXResourcesBuildPhase;
			buildActionMask = 2147483647;
			files = (
			);
			runOnlyForDeploymentPostprocessing = 0;
		};
		D1E5F4E91DC97EB800093773 /* Resources */ = {
			isa = PBXResourcesBuildPhase;
			buildActionMask = 2147483647;
			files = (
			);
			runOnlyForDeploymentPostprocessing = 0;
		};
/* End PBXResourcesBuildPhase section */

/* Begin PBXSourcesBuildPhase section */
		D1E5F4C51DC97EB700093773 /* Sources */ = {
			isa = PBXSourcesBuildPhase;
			buildActionMask = 2147483647;
			files = (
				D1E5F4CF1DC97EB800093773 /* ViewController.swift in Sources */,
				D1E5F4D51DC97EB800093773 /* KhanWebBrowserFinal.xcdatamodeld in Sources */,
				D1E5F4CD1DC97EB800093773 /* AppDelegate.swift in Sources */,
			);
			runOnlyForDeploymentPostprocessing = 0;
		};
		D1E5F4DC1DC97EB800093773 /* Sources */ = {
			isa = PBXSourcesBuildPhase;
			buildActionMask = 2147483647;
			files = (
				D1E5F4E51DC97EB800093773 /* KhanWebBrowserFinalTests.swift in Sources */,
			);
			runOnlyForDeploymentPostprocessing = 0;
		};
		D1E5F4E71DC97EB800093773 /* Sources */ = {
			isa = PBXSourcesBuildPhase;
			buildActionMask = 2147483647;
			files = (
				D1E5F4F01DC97EB800093773 /* KhanWebBrowserFinalUITests.swift in Sources */,
			);
			runOnlyForDeploymentPostprocessing = 0;
		};
/* End PBXSourcesBuildPhase section */

/* Begin PBXTargetDependency section */
		D1E5F4E21DC97EB800093773 /* PBXTargetDependency */ = {
			isa = PBXTargetDependency;
			target = D1E5F4C81DC97EB700093773 /* KhanWebBrowserFinal */;
			targetProxy = D1E5F4E11DC97EB800093773 /* PBXContainerItemProxy */;
		};
		D1E5F4ED1DC97EB800093773 /* PBXTargetDependency */ = {
			isa = PBXTargetDependency;
			target = D1E5F4C81DC97EB700093773 /* KhanWebBrowserFinal */;
			targetProxy = D1E5F4EC1DC97EB800093773 /* PBXContainerItemProxy */;
		};
/* End PBXTargetDependency section */

/* Begin PBXVariantGroup section */
		D1E5F4D01DC97EB800093773 /* Main.storyboard */ = {
			isa = PBXVariantGroup;
			children = (
				D1E5F4D11DC97EB800093773 /* Base */,
			);
			name = Main.storyboard;
			sourceTree = "<group>";
		};
		D1E5F4D81DC97EB800093773 /* LaunchScreen.storyboard */ = {
			isa = PBXVariantGroup;
			children = (
				D1E5F4D91DC97EB800093773 /* Base */,
			);
			name = LaunchScreen.storyboard;
			sourceTree = "<group>";
		};
/* End PBXVariantGroup section */

/* Begin XCBuildConfiguration section */
		D1E5F4F21DC97EB800093773 /* Debug */ = {
			isa = XCBuildConfiguration;
			buildSettings = {
				ALWAYS_SEARCH_USER_PATHS = NO;
				CLANG_ANALYZER_LOCALIZABILITY_NONLOCALIZED = YES;
				CLANG_ANALYZER_NONNULL = YES;
				CLANG_CXX_LANGUAGE_STANDARD = "gnu++0x";
				CLANG_CXX_LIBRARY = "libc++";
				CLANG_ENABLE_MODULES = YES;
				CLANG_ENABLE_OBJC_ARC = YES;
				CLANG_WARN_BLOCK_CAPTURE_AUTORELEASING = YES;
				CLANG_WARN_BOOL_CONVERSION = YES;
				CLANG_WARN_COMMA = YES;
				CLANG_WARN_CONSTANT_CONVERSION = YES;
				CLANG_WARN_DEPRECATED_OBJC_IMPLEMENTATIONS = YES;
				CLANG_WARN_DIRECT_OBJC_ISA_USAGE = YES_ERROR;
				CLANG_WARN_DOCUMENTATION_COMMENTS = YES;
				CLANG_WARN_EMPTY_BODY = YES;
				CLANG_WARN_ENUM_CONVERSION = YES;
				CLANG_WARN_INFINITE_RECURSION = YES;
				CLANG_WARN_INT_CONVERSION = YES;
				CLANG_WARN_NON_LITERAL_NULL_CONVERSION = YES;
				CLANG_WARN_OBJC_IMPLICIT_RETAIN_SELF = YES;
				CLANG_WARN_OBJC_LITERAL_CONVERSION = YES;
				CLANG_WARN_OBJC_ROOT_CLASS = YES_ERROR;
				CLANG_WARN_RANGE_LOOP_ANALYSIS = YES;
				CLANG_WARN_STRICT_PROTOTYPES = YES;
				CLANG_WARN_SUSPICIOUS_MOVE = YES;
				CLANG_WARN_SUSPICIOUS_MOVES = YES;
				CLANG_WARN_UNREACHABLE_CODE = YES;
				CLANG_WARN__DUPLICATE_METHOD_MATCH = YES;
				"CODE_SIGN_IDENTITY[sdk=iphoneos*]" = "iPhone Developer";
				COPY_PHASE_STRIP = NO;
				DEBUG_INFORMATION_FORMAT = dwarf;
				ENABLE_STRICT_OBJC_MSGSEND = YES;
				ENABLE_TESTABILITY = YES;
				GCC_C_LANGUAGE_STANDARD = gnu99;
				GCC_DYNAMIC_NO_PIC = NO;
				GCC_NO_COMMON_BLOCKS = YES;
				GCC_OPTIMIZATION_LEVEL = 0;
				GCC_PREPROCESSOR_DEFINITIONS = (
					"DEBUG=1",
					"$(inherited)",
				);
				GCC_WARN_64_TO_32_BIT_CONVERSION = YES;
				GCC_WARN_ABOUT_RETURN_TYPE = YES_ERROR;
				GCC_WARN_UNDECLARED_SELECTOR = YES;
				GCC_WARN_UNINITIALIZED_AUTOS = YES_AGGRESSIVE;
				GCC_WARN_UNUSED_FUNCTION = YES;
				GCC_WARN_UNUSED_VARIABLE = YES;
				IPHONEOS_DEPLOYMENT_TARGET = 10.0;
				MTL_ENABLE_DEBUG_INFO = YES;
				ONLY_ACTIVE_ARCH = YES;
				SDKROOT = iphoneos;
				SWIFT_ACTIVE_COMPILATION_CONDITIONS = DEBUG;
				SWIFT_OPTIMIZATION_LEVEL = "-Onone";
				TARGETED_DEVICE_FAMILY = "1,2";
			};
			name = Debug;
		};
		D1E5F4F31DC97EB800093773 /* Release */ = {
			isa = XCBuildConfiguration;
			buildSettings = {
				ALWAYS_SEARCH_USER_PATHS = NO;
				CLANG_ANALYZER_LOCALIZABILITY_NONLOCALIZED = YES;
				CLANG_ANALYZER_NONNULL = YES;
				CLANG_CXX_LANGUAGE_STANDARD = "gnu++0x";
				CLANG_CXX_LIBRARY = "libc++";
				CLANG_ENABLE_MODULES = YES;
				CLANG_ENABLE_OBJC_ARC = YES;
				CLANG_WARN_BLOCK_CAPTURE_AUTORELEASING = YES;
				CLANG_WARN_BOOL_CONVERSION = YES;
				CLANG_WARN_COMMA = YES;
				CLANG_WARN_CONSTANT_CONVERSION = YES;
				CLANG_WARN_DEPRECATED_OBJC_IMPLEMENTATIONS = YES;
				CLANG_WARN_DIRECT_OBJC_ISA_USAGE = YES_ERROR;
				CLANG_WARN_DOCUMENTATION_COMMENTS = YES;
				CLANG_WARN_EMPTY_BODY = YES;
				CLANG_WARN_ENUM_CONVERSION = YES;
				CLANG_WARN_INFINITE_RECURSION = YES;
				CLANG_WARN_INT_CONVERSION = YES;
				CLANG_WARN_NON_LITERAL_NULL_CONVERSION = YES;
				CLANG_WARN_OBJC_IMPLICIT_RETAIN_SELF = YES;
				CLANG_WARN_OBJC_LITERAL_CONVERSION = YES;
				CLANG_WARN_OBJC_ROOT_CLASS = YES_ERROR;
				CLANG_WARN_RANGE_LOOP_ANALYSIS = YES;
				CLANG_WARN_STRICT_PROTOTYPES = YES;
				CLANG_WARN_SUSPICIOUS_MOVE = YES;
				CLANG_WARN_SUSPICIOUS_MOVES = YES;
				CLANG_WARN_UNREACHABLE_CODE = YES;
				CLANG_WARN__DUPLICATE_METHOD_MATCH = YES;
				"CODE_SIGN_IDENTITY[sdk=iphoneos*]" = "iPhone Developer";
				COPY_PHASE_STRIP = NO;
				DEBUG_INFORMATION_FORMAT = "dwarf-with-dsym";
				ENABLE_NS_ASSERTIONS = NO;
				ENABLE_STRICT_OBJC_MSGSEND = YES;
				GCC_C_LANGUAGE_STANDARD = gnu99;
				GCC_NO_COMMON_BLOCKS = YES;
				GCC_WARN_64_TO_32_BIT_CONVERSION = YES;
				GCC_WARN_ABOUT_RETURN_TYPE = YES_ERROR;
				GCC_WARN_UNDECLARED_SELECTOR = YES;
				GCC_WARN_UNINITIALIZED_AUTOS = YES_AGGRESSIVE;
				GCC_WARN_UNUSED_FUNCTION = YES;
				GCC_WARN_UNUSED_VARIABLE = YES;
				IPHONEOS_DEPLOYMENT_TARGET = 10.0;
				MTL_ENABLE_DEBUG_INFO = NO;
				SDKROOT = iphoneos;
				SWIFT_OPTIMIZATION_LEVEL = "-Owholemodule";
				TARGETED_DEVICE_FAMILY = "1,2";
				VALIDATE_PRODUCT = YES;
			};
			name = Release;
		};
		D1E5F4F51DC97EB800093773 /* Debug */ = {
			isa = XCBuildConfiguration;
			buildSettings = {
				ASSETCATALOG_COMPILER_APPICON_NAME = AppIcon;
				DEVELOPMENT_TEAM = DFHLHENRC3;
				INFOPLIST_FILE = KhanWebBrowserFinal/Info.plist;
				LD_RUNPATH_SEARCH_PATHS = "$(inherited) @executable_path/Frameworks";
				PRODUCT_BUNDLE_IDENTIFIER = Khan.KhanWebBrowserFinal;
				PRODUCT_NAME = "$(TARGET_NAME)";
				SWIFT_VERSION = 4.0;
			};
			name = Debug;
		};
		D1E5F4F61DC97EB800093773 /* Release */ = {
			isa = XCBuildConfiguration;
			buildSettings = {
				ASSETCATALOG_COMPILER_APPICON_NAME = AppIcon;
				DEVELOPMENT_TEAM = DFHLHENRC3;
				INFOPLIST_FILE = KhanWebBrowserFinal/Info.plist;
				LD_RUNPATH_SEARCH_PATHS = "$(inherited) @executable_path/Frameworks";
				PRODUCT_BUNDLE_IDENTIFIER = Khan.KhanWebBrowserFinal;
				PRODUCT_NAME = "$(TARGET_NAME)";
				SWIFT_VERSION = 4.0;
			};
			name = Release;
		};
		D1E5F4F81DC97EB800093773 /* Debug */ = {
			isa = XCBuildConfiguration;
			buildSettings = {
				ALWAYS_EMBED_SWIFT_STANDARD_LIBRARIES = YES;
				BUNDLE_LOADER = "$(TEST_HOST)";
				INFOPLIST_FILE = KhanWebBrowserFinalTests/Info.plist;
				LD_RUNPATH_SEARCH_PATHS = "$(inherited) @executable_path/Frameworks @loader_path/Frameworks";
				PRODUCT_BUNDLE_IDENTIFIER = Khan.KhanWebBrowserFinalTests;
				PRODUCT_NAME = "$(TARGET_NAME)";
				SWIFT_VERSION = 3.0;
				TEST_HOST = "$(BUILT_PRODUCTS_DIR)/KhanWebBrowserFinal.app/KhanWebBrowserFinal";
			};
			name = Debug;
		};
		D1E5F4F91DC97EB800093773 /* Release */ = {
			isa = XCBuildConfiguration;
			buildSettings = {
				ALWAYS_EMBED_SWIFT_STANDARD_LIBRARIES = YES;
				BUNDLE_LOADER = "$(TEST_HOST)";
				INFOPLIST_FILE = KhanWebBrowserFinalTests/Info.plist;
				LD_RUNPATH_SEARCH_PATHS = "$(inherited) @executable_path/Frameworks @loader_path/Frameworks";
				PRODUCT_BUNDLE_IDENTIFIER = Khan.KhanWebBrowserFinalTests;
				PRODUCT_NAME = "$(TARGET_NAME)";
				SWIFT_VERSION = 3.0;
				TEST_HOST = "$(BUILT_PRODUCTS_DIR)/KhanWebBrowserFinal.app/KhanWebBrowserFinal";
			};
			name = Release;
		};
		D1E5F4FB1DC97EB800093773 /* Debug */ = {
			isa = XCBuildConfiguration;
			buildSettings = {
				ALWAYS_EMBED_SWIFT_STANDARD_LIBRARIES = YES;
				INFOPLIST_FILE = KhanWebBrowserFinalUITests/Info.plist;
				LD_RUNPATH_SEARCH_PATHS = "$(inherited) @executable_path/Frameworks @loader_path/Frameworks";
				PRODUCT_BUNDLE_IDENTIFIER = Khan.KhanWebBrowserFinalUITests;
				PRODUCT_NAME = "$(TARGET_NAME)";
				SWIFT_VERSION = 3.0;
				TEST_TARGET_NAME = KhanWebBrowserFinal;
			};
			name = Debug;
		};
		D1E5F4FC1DC97EB800093773 /* Release */ = {
			isa = XCBuildConfiguration;
			buildSettings = {
				ALWAYS_EMBED_SWIFT_STANDARD_LIBRARIES = YES;
				INFOPLIST_FILE = KhanWebBrowserFinalUITests/Info.plist;
				LD_RUNPATH_SEARCH_PATHS = "$(inherited) @executable_path/Frameworks @loader_path/Frameworks";
				PRODUCT_BUNDLE_IDENTIFIER = Khan.KhanWebBrowserFinalUITests;
				PRODUCT_NAME = "$(TARGET_NAME)";
				SWIFT_VERSION = 3.0;
				TEST_TARGET_NAME = KhanWebBrowserFinal;
			};
			name = Release;
		};
/* End XCBuildConfiguration section */

/* Begin XCConfigurationList section */
		D1E5F4C41DC97EB700093773 /* Build configuration list for PBXProject "KhanWebBrowserFinal" */ = {
			isa = XCConfigurationList;
			buildConfigurations = (
				D1E5F4F21DC97EB800093773 /* Debug */,
				D1E5F4F31DC97EB800093773 /* Release */,
			);
			defaultConfigurationIsVisible = 0;
			defaultConfigurationName = Release;
		};
		D1E5F4F41DC97EB800093773 /* Build configuration list for PBXNativeTarget "KhanWebBrowserFinal" */ = {
			isa = XCConfigurationList;
			buildConfigurations = (
				D1E5F4F51DC97EB800093773 /* Debug */,
				D1E5F4F61DC97EB800093773 /* Release */,
			);
			defaultConfigurationIsVisible = 0;
			defaultConfigurationName = Release;
		};
		D1E5F4F71DC97EB800093773 /* Build configuration list for PBXNativeTarget "KhanWebBrowserFinalTests" */ = {
			isa = XCConfigurationList;
			buildConfigurations = (
				D1E5F4F81DC97EB800093773 /* Debug */,
				D1E5F4F91DC97EB800093773 /* Release */,
			);
			defaultConfigurationIsVisible = 0;
			defaultConfigurationName = Release;
		};
		D1E5F4FA1DC97EB800093773 /* Build configuration list for PBXNativeTarget "KhanWebBrowserFinalUITests" */ = {
			isa = XCConfigurationList;
			buildConfigurations = (
				D1E5F4FB1DC97EB800093773 /* Debug */,
				D1E5F4FC1DC97EB800093773 /* Release */,
			);
			defaultConfigurationIsVisible = 0;
			defaultConfigurationName = Release;
		};
/* End XCConfigurationList section */

/* Begin XCVersionGroup section */
		D1E5F4D31DC97EB800093773 /* KhanWebBrowserFinal.xcdatamodeld */ = {
			isa = XCVersionGroup;
			children = (
				D1E5F4D41DC97EB800093773 /* KhanWebBrowserFinal.xcdatamodel */,
			);
			currentVersion = D1E5F4D41DC97EB800093773 /* KhanWebBrowserFinal.xcdatamodel */;
			path = KhanWebBrowserFinal.xcdatamodeld;
			sourceTree = "<group>";
			versionGroupType = wrapper.xcdatamodel;
		};
/* End XCVersionGroup section */
	};
	rootObject = D1E5F4C11DC97EB700093773 /* Project object */;
}
